// !$*UTF8*$!
{
	archiveVersion = 1;
	classes = {
	};
	objectVersion = 77;
	objects = {

/* Begin PBXContainerItemProxy section */
		E087E1052D014BE000B3C1A3 /* PBXContainerItemProxy */ = {
			isa = PBXContainerItemProxy;
			containerPortal = E087E0EC2D014BDE00B3C1A3 /* Project object */;
			proxyType = 1;
			remoteGlobalIDString = E087E0F32D014BDE00B3C1A3;
			remoteInfo = Gift_Vouchers;
		};
		E087E10F2D014BE000B3C1A3 /* PBXContainerItemProxy */ = {
			isa = PBXContainerItemProxy;
			containerPortal = E087E0EC2D014BDE00B3C1A3 /* Project object */;
			proxyType = 1;
			remoteGlobalIDString = E087E0F32D014BDE00B3C1A3;
			remoteInfo = Gift_Vouchers;
		};
/* End PBXContainerItemProxy section */

/* Begin PBXFileReference section */
		E087E0F42D014BDE00B3C1A3 /* Gift_Vouchers.app */ = {isa = PBXFileReference; explicitFileType = wrapper.application; includeInIndex = 0; path = Gift_Vouchers.app; sourceTree = BUILT_PRODUCTS_DIR; };
		E087E1042D014BE000B3C1A3 /* Gift_VouchersTests.xctest */ = {isa = PBXFileReference; explicitFileType = wrapper.cfbundle; includeInIndex = 0; path = Gift_VouchersTests.xctest; sourceTree = BUILT_PRODUCTS_DIR; };
		E087E10E2D014BE000B3C1A3 /* Gift_VouchersUITests.xctest */ = {isa = PBXFileReference; explicitFileType = wrapper.cfbundle; includeInIndex = 0; path = Gift_VouchersUITests.xctest; sourceTree = BUILT_PRODUCTS_DIR; };
/* End PBXFileReference section */

/* Begin PBXFileSystemSynchronizedRootGroup section */
		E087E0F62D014BDE00B3C1A3 /* Gift_Vouchers */ = {
			isa = PBXFileSystemSynchronizedRootGroup;
			path = Gift_Vouchers;
			sourceTree = "<group>";
		};
		E087E1072D014BE000B3C1A3 /* Gift_VouchersTests */ = {
			isa = PBXFileSystemSynchronizedRootGroup;
			path = Gift_VouchersTests;
			sourceTree = "<group>";
		};
		E087E1112D014BE000B3C1A3 /* Gift_VouchersUITests */ = {
			isa = PBXFileSystemSynchronizedRootGroup;
			path = Gift_VouchersUITests;
			sourceTree = "<group>";
		};
/* End PBXFileSystemSynchronizedRootGroup section */

/* Begin PBXFrameworksBuildPhase section */
		E087E0F12D014BDE00B3C1A3 /* Frameworks */ = {
			isa = PBXFrameworksBuildPhase;
			buildActionMask = 2147483647;
			files = (
			);
			runOnlyForDeploymentPostprocessing = 0;
		};
		E087E1012D014BE000B3C1A3 /* Frameworks */ = {
			isa = PBXFrameworksBuildPhase;
			buildActionMask = 2147483647;
			files = (
			);
			runOnlyForDeploymentPostprocessing = 0;
		};
		E087E10B2D014BE000B3C1A3 /* Frameworks */ = {
			isa = PBXFrameworksBuildPhase;
			buildActionMask = 2147483647;
			files = (
			);
			runOnlyForDeploymentPostprocessing = 0;
		};
/* End PBXFrameworksBuildPhase section */

/* Begin PBXGroup section */
		E087E0EB2D014BDE00B3C1A3 = {
			isa = PBXGroup;
			children = (
				E087E0F62D014BDE00B3C1A3 /* Gift_Vouchers */,
				E087E1072D014BE000B3C1A3 /* Gift_VouchersTests */,
				E087E1112D014BE000B3C1A3 /* Gift_VouchersUITests */,
				E087E0F52D014BDE00B3C1A3 /* Products */,
			);
			sourceTree = "<group>";
		};
		E087E0F52D014BDE00B3C1A3 /* Products */ = {
			isa = PBXGroup;
			children = (
				E087E0F42D014BDE00B3C1A3 /* Gift_Vouchers.app */,
				E087E1042D014BE000B3C1A3 /* Gift_VouchersTests.xctest */,
				E087E10E2D014BE000B3C1A3 /* Gift_VouchersUITests.xctest */,
			);
			name = Products;
			sourceTree = "<group>";
		};
/* End PBXGroup section */

/* Begin PBXNativeTarget section */
		E087E0F32D014BDE00B3C1A3 /* Gift_Vouchers */ = {
			isa = PBXNativeTarget;
			buildConfigurationList = E087E1182D014BE000B3C1A3 /* Build configuration list for PBXNativeTarget "Gift_Vouchers" */;
			buildPhases = (
				E087E0F02D014BDE00B3C1A3 /* Sources */,
				E087E0F12D014BDE00B3C1A3 /* Frameworks */,
				E087E0F22D014BDE00B3C1A3 /* Resources */,
			);
			buildRules = (
			);
			dependencies = (
			);
			fileSystemSynchronizedGroups = (
				E087E0F62D014BDE00B3C1A3 /* Gift_Vouchers */,
			);
			name = Gift_Vouchers;
			packageProductDependencies = (
			);
			productName = Gift_Vouchers;
			productReference = E087E0F42D014BDE00B3C1A3 /* Gift_Vouchers.app */;
			productType = "com.apple.product-type.application";
		};
		E087E1032D014BE000B3C1A3 /* Gift_VouchersTests */ = {
			isa = PBXNativeTarget;
			buildConfigurationList = E087E11B2D014BE000B3C1A3 /* Build configuration list for PBXNativeTarget "Gift_VouchersTests" */;
			buildPhases = (
				E087E1002D014BE000B3C1A3 /* Sources */,
				E087E1012D014BE000B3C1A3 /* Frameworks */,
				E087E1022D014BE000B3C1A3 /* Resources */,
			);
			buildRules = (
			);
			dependencies = (
				E087E1062D014BE000B3C1A3 /* PBXTargetDependency */,
			);
			fileSystemSynchronizedGroups = (
				E087E1072D014BE000B3C1A3 /* Gift_VouchersTests */,
			);
			name = Gift_VouchersTests;
			packageProductDependencies = (
			);
			productName = Gift_VouchersTests;
			productReference = E087E1042D014BE000B3C1A3 /* Gift_VouchersTests.xctest */;
			productType = "com.apple.product-type.bundle.unit-test";
		};
		E087E10D2D014BE000B3C1A3 /* Gift_VouchersUITests */ = {
			isa = PBXNativeTarget;
			buildConfigurationList = E087E11E2D014BE000B3C1A3 /* Build configuration list for PBXNativeTarget "Gift_VouchersUITests" */;
			buildPhases = (
				E087E10A2D014BE000B3C1A3 /* Sources */,
				E087E10B2D014BE000B3C1A3 /* Frameworks */,
				E087E10C2D014BE000B3C1A3 /* Resources */,
			);
			buildRules = (
			);
			dependencies = (
				E087E1102D014BE000B3C1A3 /* PBXTargetDependency */,
			);
			fileSystemSynchronizedGroups = (
				E087E1112D014BE000B3C1A3 /* Gift_VouchersUITests */,
			);
			name = Gift_VouchersUITests;
			packageProductDependencies = (
			);
			productName = Gift_VouchersUITests;
			productReference = E087E10E2D014BE000B3C1A3 /* Gift_VouchersUITests.xctest */;
			productType = "com.apple.product-type.bundle.ui-testing";
		};
/* End PBXNativeTarget section */

/* Begin PBXProject section */
		E087E0EC2D014BDE00B3C1A3 /* Project object */ = {
			isa = PBXProject;
			attributes = {
				BuildIndependentTargetsInParallel = 1;
				LastSwiftUpdateCheck = 1610;
				LastUpgradeCheck = 1610;
				TargetAttributes = {
					E087E0F32D014BDE00B3C1A3 = {
						CreatedOnToolsVersion = 16.1;
					};
					E087E1032D014BE000B3C1A3 = {
						CreatedOnToolsVersion = 16.1;
						TestTargetID = E087E0F32D014BDE00B3C1A3;
					};
					E087E10D2D014BE000B3C1A3 = {
						CreatedOnToolsVersion = 16.1;
						TestTargetID = E087E0F32D014BDE00B3C1A3;
					};
				};
			};
			buildConfigurationList = E087E0EF2D014BDE00B3C1A3 /* Build configuration list for PBXProject "Gift_Vouchers" */;
			developmentRegion = en;
			hasScannedForEncodings = 0;
			knownRegions = (
				en,
				Base,
			);
			mainGroup = E087E0EB2D014BDE00B3C1A3;
			minimizedProjectReferenceProxies = 1;
			preferredProjectObjectVersion = 77;
			productRefGroup = E087E0F52D014BDE00B3C1A3 /* Products */;
			projectDirPath = "";
			projectRoot = "";
			targets = (
				E087E0F32D014BDE00B3C1A3 /* Gift_Vouchers */,
				E087E1032D014BE000B3C1A3 /* Gift_VouchersTests */,
				E087E10D2D014BE000B3C1A3 /* Gift_VouchersUITests */,
			);
		};
/* End PBXProject section */

/* Begin PBXResourcesBuildPhase section */
		E087E0F22D014BDE00B3C1A3 /* Resources */ = {
			isa = PBXResourcesBuildPhase;
			buildActionMask = 2147483647;
			files = (
			);
			runOnlyForDeploymentPostprocessing = 0;
		};
		E087E1022D014BE000B3C1A3 /* Resources */ = {
			isa = PBXResourcesBuildPhase;
			buildActionMask = 2147483647;
			files = (
			);
			runOnlyForDeploymentPostprocessing = 0;
		};
		E087E10C2D014BE000B3C1A3 /* Resources */ = {
			isa = PBXResourcesBuildPhase;
			buildActionMask = 2147483647;
			files = (
			);
			runOnlyForDeploymentPostprocessing = 0;
		};
/* End PBXResourcesBuildPhase section */

/* Begin PBXSourcesBuildPhase section */
		E087E0F02D014BDE00B3C1A3 /* Sources */ = {
			isa = PBXSourcesBuildPhase;
			buildActionMask = 2147483647;
			files = (
			);
			runOnlyForDeploymentPostprocessing = 0;
		};
		E087E1002D014BE000B3C1A3 /* Sources */ = {
			isa = PBXSourcesBuildPhase;
			buildActionMask = 2147483647;
			files = (
			);
			runOnlyForDeploymentPostprocessing = 0;
		};
		E087E10A2D014BE000B3C1A3 /* Sources */ = {
			isa = PBXSourcesBuildPhase;
			buildActionMask = 2147483647;
			files = (
			);
			runOnlyForDeploymentPostprocessing = 0;
		};
/* End PBXSourcesBuildPhase section */

/* Begin PBXTargetDependency section */
		E087E1062D014BE000B3C1A3 /* PBXTargetDependency */ = {
			isa = PBXTargetDependency;
			target = E087E0F32D014BDE00B3C1A3 /* Gift_Vouchers */;
			targetProxy = E087E1052D014BE000B3C1A3 /* PBXContainerItemProxy */;
		};
		E087E1102D014BE000B3C1A3 /* PBXTargetDependency */ = {
			isa = PBXTargetDependency;
			target = E087E0F32D014BDE00B3C1A3 /* Gift_Vouchers */;
			targetProxy = E087E10F2D014BE000B3C1A3 /* PBXContainerItemProxy */;
		};
/* End PBXTargetDependency section */

/* Begin XCBuildConfiguration section */
		E087E1162D014BE000B3C1A3 /* Debug */ = {
			isa = XCBuildConfiguration;
			buildSettings = {
				ALWAYS_SEARCH_USER_PATHS = NO;
				ASSETCATALOG_COMPILER_GENERATE_SWIFT_ASSET_SYMBOL_EXTENSIONS = YES;
				CLANG_ANALYZER_NONNULL = YES;
				CLANG_ANALYZER_NUMBER_OBJECT_CONVERSION = YES_AGGRESSIVE;
				CLANG_CXX_LANGUAGE_STANDARD = "gnu++20";
				CLANG_ENABLE_MODULES = YES;
				CLANG_ENABLE_OBJC_ARC = YES;
				CLANG_ENABLE_OBJC_WEAK = YES;
				CLANG_WARN_BLOCK_CAPTURE_AUTORELEASING = YES;
				CLANG_WARN_BOOL_CONVERSION = YES;
				CLANG_WARN_COMMA = YES;
				CLANG_WARN_CONSTANT_CONVERSION = YES;
				CLANG_WARN_DEPRECATED_OBJC_IMPLEMENTATIONS = YES;
				CLANG_WARN_DIRECT_OBJC_ISA_USAGE = YES_ERROR;
				CLANG_WARN_DOCUMENTATION_COMMENTS = YES;
				CLANG_WARN_EMPTY_BODY = YES;
				CLANG_WARN_ENUM_CONVERSION = YES;
				CLANG_WARN_INFINITE_RECURSION = YES;
				CLANG_WARN_INT_CONVERSION = YES;
				CLANG_WARN_NON_LITERAL_NULL_CONVERSION = YES;
				CLANG_WARN_OBJC_IMPLICIT_RETAIN_SELF = YES;
				CLANG_WARN_OBJC_LITERAL_CONVERSION = YES;
				CLANG_WARN_OBJC_ROOT_CLASS = YES_ERROR;
				CLANG_WARN_QUOTED_INCLUDE_IN_FRAMEWORK_HEADER = YES;
				CLANG_WARN_RANGE_LOOP_ANALYSIS = YES;
				CLANG_WARN_STRICT_PROTOTYPES = YES;
				CLANG_WARN_SUSPICIOUS_MOVE = YES;
				CLANG_WARN_UNGUARDED_AVAILABILITY = YES_AGGRESSIVE;
				CLANG_WARN_UNREACHABLE_CODE = YES;
				CLANG_WARN__DUPLICATE_METHOD_MATCH = YES;
				COPY_PHASE_STRIP = NO;
				DEBUG_INFORMATION_FORMAT = dwarf;
				ENABLE_STRICT_OBJC_MSGSEND = YES;
				ENABLE_TESTABILITY = YES;
				ENABLE_USER_SCRIPT_SANDBOXING = YES;
				GCC_C_LANGUAGE_STANDARD = gnu17;
				GCC_DYNAMIC_NO_PIC = NO;
				GCC_NO_COMMON_BLOCKS = YES;
				GCC_OPTIMIZATION_LEVEL = 0;
				GCC_PREPROCESSOR_DEFINITIONS = (
					"DEBUG=1",
					"$(inherited)",
				);
				GCC_WARN_64_TO_32_BIT_CONVERSION = YES;
				GCC_WARN_ABOUT_RETURN_TYPE = YES_ERROR;
				GCC_WARN_UNDECLARED_SELECTOR = YES;
				GCC_WARN_UNINITIALIZED_AUTOS = YES_AGGRESSIVE;
				GCC_WARN_UNUSED_FUNCTION = YES;
				GCC_WARN_UNUSED_VARIABLE = YES;
				IPHONEOS_DEPLOYMENT_TARGET = 18.1;
				LOCALIZATION_PREFERS_STRING_CATALOGS = YES;
				MTL_ENABLE_DEBUG_INFO = INCLUDE_SOURCE;
				MTL_FAST_MATH = YES;
				ONLY_ACTIVE_ARCH = YES;
				SDKROOT = iphoneos;
				SWIFT_ACTIVE_COMPILATION_CONDITIONS = "DEBUG $(inherited)";
				SWIFT_OPTIMIZATION_LEVEL = "-Onone";
			};
			name = Debug;
		};
		E087E1172D014BE000B3C1A3 /* Release */ = {
			isa = XCBuildConfiguration;
			buildSettings = {
				ALWAYS_SEARCH_USER_PATHS = NO;
				ASSETCATALOG_COMPILER_GENERATE_SWIFT_ASSET_SYMBOL_EXTENSIONS = YES;
				CLANG_ANALYZER_NONNULL = YES;
				CLANG_ANALYZER_NUMBER_OBJECT_CONVERSION = YES_AGGRESSIVE;
				CLANG_CXX_LANGUAGE_STANDARD = "gnu++20";
				CLANG_ENABLE_MODULES = YES;
				CLANG_ENABLE_OBJC_ARC = YES;
				CLANG_ENABLE_OBJC_WEAK = YES;
				CLANG_WARN_BLOCK_CAPTURE_AUTORELEASING = YES;
				CLANG_WARN_BOOL_CONVERSION = YES;
				CLANG_WARN_COMMA = YES;
				CLANG_WARN_CONSTANT_CONVERSION = YES;
				CLANG_WARN_DEPRECATED_OBJC_IMPLEMENTATIONS = YES;
				CLANG_WARN_DIRECT_OBJC_ISA_USAGE = YES_ERROR;
				CLANG_WARN_DOCUMENTATION_COMMENTS = YES;
				CLANG_WARN_EMPTY_BODY = YES;
				CLANG_WARN_ENUM_CONVERSION = YES;
				CLANG_WARN_INFINITE_RECURSION = YES;
				CLANG_WARN_INT_CONVERSION = YES;
				CLANG_WARN_NON_LITERAL_NULL_CONVERSION = YES;
				CLANG_WARN_OBJC_IMPLICIT_RETAIN_SELF = YES;
				CLANG_WARN_OBJC_LITERAL_CONVERSION = YES;
				CLANG_WARN_OBJC_ROOT_CLASS = YES_ERROR;
				CLANG_WARN_QUOTED_INCLUDE_IN_FRAMEWORK_HEADER = YES;
				CLANG_WARN_RANGE_LOOP_ANALYSIS = YES;
				CLANG_WARN_STRICT_PROTOTYPES = YES;
				CLANG_WARN_SUSPICIOUS_MOVE = YES;
				CLANG_WARN_UNGUARDED_AVAILABILITY = YES_AGGRESSIVE;
				CLANG_WARN_UNREACHABLE_CODE = YES;
				CLANG_WARN__DUPLICATE_METHOD_MATCH = YES;
				COPY_PHASE_STRIP = NO;
				DEBUG_INFORMATION_FORMAT = "dwarf-with-dsym";
				ENABLE_NS_ASSERTIONS = NO;
				ENABLE_STRICT_OBJC_MSGSEND = YES;
				ENABLE_USER_SCRIPT_SANDBOXING = YES;
				GCC_C_LANGUAGE_STANDARD = gnu17;
				GCC_NO_COMMON_BLOCKS = YES;
				GCC_WARN_64_TO_32_BIT_CONVERSION = YES;
				GCC_WARN_ABOUT_RETURN_TYPE = YES_ERROR;
				GCC_WARN_UNDECLARED_SELECTOR = YES;
				GCC_WARN_UNINITIALIZED_AUTOS = YES_AGGRESSIVE;
				GCC_WARN_UNUSED_FUNCTION = YES;
				GCC_WARN_UNUSED_VARIABLE = YES;
				IPHONEOS_DEPLOYMENT_TARGET = 18.1;
				LOCALIZATION_PREFERS_STRING_CATALOGS = YES;
				MTL_ENABLE_DEBUG_INFO = NO;
				MTL_FAST_MATH = YES;
				SDKROOT = iphoneos;
				SWIFT_COMPILATION_MODE = wholemodule;
				VALIDATE_PRODUCT = YES;
			};
			name = Release;
		};
		E087E1192D014BE000B3C1A3 /* Debug */ = {
			isa = XCBuildConfiguration;
			buildSettings = {
				ASSETCATALOG_COMPILER_APPICON_NAME = AppIcon;
				ASSETCATALOG_COMPILER_GLOBAL_ACCENT_COLOR_NAME = AccentColor;
				CODE_SIGN_STYLE = Automatic;
				CURRENT_PROJECT_VERSION = 1;
				DEVELOPMENT_ASSET_PATHS = "\"Gift_Vouchers/Preview Content\"";
				ENABLE_PREVIEWS = YES;
				GENERATE_INFOPLIST_FILE = YES;
				INFOPLIST_KEY_UIApplicationSceneManifest_Generation = YES;
				INFOPLIST_KEY_UIApplicationSupportsIndirectInputEvents = YES;
				INFOPLIST_KEY_UILaunchScreen_Generation = YES;
				INFOPLIST_KEY_UISupportedInterfaceOrientations_iPad = "UIInterfaceOrientationPortrait UIInterfaceOrientationPortraitUpsideDown UIInterfaceOrientationLandscapeLeft UIInterfaceOrientationLandscapeRight";
				INFOPLIST_KEY_UISupportedInterfaceOrientations_iPhone = "UIInterfaceOrientationPortrait UIInterfaceOrientationLandscapeLeft UIInterfaceOrientationLandscapeRight";
				LD_RUNPATH_SEARCH_PATHS = (
					"$(inherited)",
					"@executable_path/Frameworks",
				);
				MARKETING_VERSION = 1.0;
				PRODUCT_BUNDLE_IDENTIFIER = "com.thush.Gift-Vouchers";
				PRODUCT_NAME = "$(TARGET_NAME)";
				SWIFT_EMIT_LOC_STRINGS = YES;
				SWIFT_VERSION = 5.0;
				TARGETED_DEVICE_FAMILY = "1,2";
			};
			name = Debug;
		};
		E087E11A2D014BE000B3C1A3 /* Release */ = {
			isa = XCBuildConfiguration;
			buildSettings = {
				ASSETCATALOG_COMPILER_APPICON_NAME = AppIcon;
				ASSETCATALOG_COMPILER_GLOBAL_ACCENT_COLOR_NAME = AccentColor;
				CODE_SIGN_STYLE = Automatic;
				CURRENT_PROJECT_VERSION = 1;
				DEVELOPMENT_ASSET_PATHS = "\"Gift_Vouchers/Preview Content\"";
				ENABLE_PREVIEWS = YES;
				GENERATE_INFOPLIST_FILE = YES;
				INFOPLIST_KEY_UIApplicationSceneManifest_Generation = YES;
				INFOPLIST_KEY_UIApplicationSupportsIndirectInputEvents = YES;
				INFOPLIST_KEY_UILaunchScreen_Generation = YES;
				INFOPLIST_KEY_UISupportedInterfaceOrientations_iPad = "UIInterfaceOrientationPortrait UIInterfaceOrientationPortraitUpsideDown UIInterfaceOrientationLandscapeLeft UIInterfaceOrientationLandscapeRight";
				INFOPLIST_KEY_UISupportedInterfaceOrientations_iPhone = "UIInterfaceOrientationPortrait UIInterfaceOrientationLandscapeLeft UIInterfaceOrientationLandscapeRight";
				LD_RUNPATH_SEARCH_PATHS = (
					"$(inherited)",
					"@executable_path/Frameworks",
				);
				MARKETING_VERSION = 1.0;
				PRODUCT_BUNDLE_IDENTIFIER = "com.thush.Gift-Vouchers";
				PRODUCT_NAME = "$(TARGET_NAME)";
				SWIFT_EMIT_LOC_STRINGS = YES;
				SWIFT_VERSION = 5.0;
				TARGETED_DEVICE_FAMILY = "1,2";
			};
			name = Release;
		};
		E087E11C2D014BE000B3C1A3 /* Debug */ = {
			isa = XCBuildConfiguration;
			buildSettings = {
				BUNDLE_LOADER = "$(TEST_HOST)";
				CODE_SIGN_STYLE = Automatic;
				CURRENT_PROJECT_VERSION = 1;
				GENERATE_INFOPLIST_FILE = YES;
				IPHONEOS_DEPLOYMENT_TARGET = 18.1;
				MARKETING_VERSION = 1.0;
				PRODUCT_BUNDLE_IDENTIFIER = "com.thush.Gift-VouchersTests";
				PRODUCT_NAME = "$(TARGET_NAME)";
				SWIFT_EMIT_LOC_STRINGS = NO;
				SWIFT_VERSION = 5.0;
				TARGETED_DEVICE_FAMILY = "1,2";
				TEST_HOST = "$(BUILT_PRODUCTS_DIR)/Gift_Vouchers.app/$(BUNDLE_EXECUTABLE_FOLDER_PATH)/Gift_Vouchers";
			};
			name = Debug;
		};
		E087E11D2D014BE000B3C1A3 /* Release */ = {
			isa = XCBuildConfiguration;
			buildSettings = {
				BUNDLE_LOADER = "$(TEST_HOST)";
				CODE_SIGN_STYLE = Automatic;
				CURRENT_PROJECT_VERSION = 1;
				GENERATE_INFOPLIST_FILE = YES;
				IPHONEOS_DEPLOYMENT_TARGET = 18.1;
				MARKETING_VERSION = 1.0;
				PRODUCT_BUNDLE_IDENTIFIER = "com.thush.Gift-VouchersTests";
				PRODUCT_NAME = "$(TARGET_NAME)";
				SWIFT_EMIT_LOC_STRINGS = NO;
				SWIFT_VERSION = 5.0;
				TARGETED_DEVICE_FAMILY = "1,2";
				TEST_HOST = "$(BUILT_PRODUCTS_DIR)/Gift_Vouchers.app/$(BUNDLE_EXECUTABLE_FOLDER_PATH)/Gift_Vouchers";
			};
			name = Release;
		};
		E087E11F2D014BE000B3C1A3 /* Debug */ = {
			isa = XCBuildConfiguration;
			buildSettings = {
				CODE_SIGN_STYLE = Automatic;
				CURRENT_PROJECT_VERSION = 1;
				GENERATE_INFOPLIST_FILE = YES;
				MARKETING_VERSION = 1.0;
				PRODUCT_BUNDLE_IDENTIFIER = "com.thush.Gift-VouchersUITests";
				PRODUCT_NAME = "$(TARGET_NAME)";
				SWIFT_EMIT_LOC_STRINGS = NO;
				SWIFT_VERSION = 5.0;
				TARGETED_DEVICE_FAMILY = "1,2";
				TEST_TARGET_NAME = Gift_Vouchers;
			};
			name = Debug;
		};
		E087E1202D014BE000B3C1A3 /* Release */ = {
			isa = XCBuildConfiguration;
			buildSettings = {
				CODE_SIGN_STYLE = Automatic;
				CURRENT_PROJECT_VERSION = 1;
				GENERATE_INFOPLIST_FILE = YES;
				MARKETING_VERSION = 1.0;
				PRODUCT_BUNDLE_IDENTIFIER = "com.thush.Gift-VouchersUITests";
				PRODUCT_NAME = "$(TARGET_NAME)";
				SWIFT_EMIT_LOC_STRINGS = NO;
				SWIFT_VERSION = 5.0;
				TARGETED_DEVICE_FAMILY = "1,2";
				TEST_TARGET_NAME = Gift_Vouchers;
			};
			name = Release;
		};
/* End XCBuildConfiguration section */

/* Begin XCConfigurationList section */
		E087E0EF2D014BDE00B3C1A3 /* Build configuration list for PBXProject "Gift_Vouchers" */ = {
			isa = XCConfigurationList;
			buildConfigurations = (
				E087E1162D014BE000B3C1A3 /* Debug */,
				E087E1172D014BE000B3C1A3 /* Release */,
			);
			defaultConfigurationIsVisible = 0;
			defaultConfigurationName = Release;
		};
		E087E1182D014BE000B3C1A3 /* Build configuration list for PBXNativeTarget "Gift_Vouchers" */ = {
			isa = XCConfigurationList;
			buildConfigurations = (
				E087E1192D014BE000B3C1A3 /* Debug */,
				E087E11A2D014BE000B3C1A3 /* Release */,
			);
			defaultConfigurationIsVisible = 0;
			defaultConfigurationName = Release;
		};
		E087E11B2D014BE000B3C1A3 /* Build configuration list for PBXNativeTarget "Gift_VouchersTests" */ = {
			isa = XCConfigurationList;
			buildConfigurations = (
				E087E11C2D014BE000B3C1A3 /* Debug */,
				E087E11D2D014BE000B3C1A3 /* Release */,
			);
			defaultConfigurationIsVisible = 0;
			defaultConfigurationName = Release;
		};
		E087E11E2D014BE000B3C1A3 /* Build configuration list for PBXNativeTarget "Gift_VouchersUITests" */ = {
			isa = XCConfigurationList;
			buildConfigurations = (
				E087E11F2D014BE000B3C1A3 /* Debug */,
				E087E1202D014BE000B3C1A3 /* Release */,
			);
			defaultConfigurationIsVisible = 0;
			defaultConfigurationName = Release;
		};
/* End XCConfigurationList section */
	};
	rootObject = E087E0EC2D014BDE00B3C1A3 /* Project object */;
}
